
Microsoft Visual Studio Solution File, Format Version 12.00
# Visual Studio Version 17
VisualStudioVersion = 17.0.31912.275
MinimumVisualStudioVersion = 10.0.40219.1
Project("{9A19103F-16F7-4668-BE54-9A1E7A4F7556}") = "BackupWork", "BackupWork\BackupWork.csproj", "{25E3BFD0-F5DB-4088-90CE-E14F242C0904}"
EndProject
Project("{9A19103F-16F7-4668-BE54-9A1E7A4F7556}") = "BackupHmi", "BackupHmi\BackupHmi.csproj", "{7D78340F-423F-4D43-8401-BF2F591C37E8}"
EndProject
Project("{9A19103F-16F7-4668-BE54-9A1E7A4F7556}") = "BackupLib", "BackupLib\BackupLib.csproj", "{688D968C-62EF-44C5-8983-C90D963CB8B5}"
EndProject
Project("{FAE04EC0-301F-11D3-BF4B-00C04F79EFBC}") = "BackupBackground", "BackupBackground\BackupBackground.csproj", "{07FECC91-979F-4D22-8E79-290A8CFE60BD}"
EndProject
Global
	GlobalSection(SolutionConfigurationPlatforms) = preSolution
		Debug|Any CPU = Debug|Any CPU
		Release|Any CPU = Release|Any CPU
	EndGlobalSection
	GlobalSection(ProjectConfigurationPlatforms) = postSolution
		{25E3BFD0-F5DB-4088-90CE-E14F242C0904}.Debug|Any CPU.ActiveCfg = Debug|Any CPU
		{25E3BFD0-F5DB-4088-90CE-E14F242C0904}.Debug|Any CPU.Build.0 = Debug|Any CPU
		{25E3BFD0-F5DB-4088-90CE-E14F242C0904}.Release|Any CPU.ActiveCfg = Release|Any CPU
		{25E3BFD0-F5DB-4088-90CE-E14F242C0904}.Release|Any CPU.Build.0 = Release|Any CPU
		{7D78340F-423F-4D43-8401-BF2F591C37E8}.Debug|Any CPU.ActiveCfg = Debug|Any CPU
		{7D78340F-423F-4D43-8401-BF2F591C37E8}.Debug|Any CPU.Build.0 = Debug|Any CPU
		{7D78340F-423F-4D43-8401-BF2F591C37E8}.Release|Any CPU.ActiveCfg = Release|Any CPU
		{7D78340F-423F-4D43-8401-BF2F591C37E8}.Release|Any CPU.Build.0 = Release|Any CPU
		{688D968C-62EF-44C5-8983-C90D963CB8B5}.Debug|Any CPU.ActiveCfg = Debug|Any CPU
		{688D968C-62EF-44C5-8983-C90D963CB8B5}.Debug|Any CPU.Build.0 = Debug|Any CPU
		{688D968C-62EF-44C5-8983-C90D963CB8B5}.Release|Any CPU.ActiveCfg = Release|Any CPU
		{688D968C-62EF-44C5-8983-C90D963CB8B5}.Release|Any CPU.Build.0 = Release|Any CPU
		{07FECC91-979F-4D22-8E79-290A8CFE60BD}.Debug|Any CPU.ActiveCfg = Debug|Any CPU
		{07FECC91-979F-4D22-8E79-290A8CFE60BD}.Debug|Any CPU.Build.0 = Debug|Any CPU
		{07FECC91-979F-4D22-8E79-290A8CFE60BD}.Release|Any CPU.ActiveCfg = Release|Any CPU
		{07FECC91-979F-4D22-8E79-290A8CFE60BD}.Release|Any CPU.Build.0 = Release|Any CPU
	EndGlobalSection
	GlobalSection(SolutionProperties) = preSolution
		HideSolutionNode = FALSE
	EndGlobalSection
	GlobalSection(ExtensibilityGlobals) = postSolution
		SolutionGuid = {92A6561F-56DC-4E01-B545-9402473318CA}
	EndGlobalSection
EndGlobal
